{
  "name": "dieoeo",
  "version": "1.0.0",
  "lockfileVersion": 1,
  "requires": true,
  "dependencies": {
    "edge-cs": {
      "version": "1.2.1",
      "resolved": "https://registry.npmjs.org/edge-cs/-/edge-cs-1.2.1.tgz",
      "integrity": "sha512-N5KAeMBhhCbCGmb5oiHJ0KcuTksZzo8lg+uByEUCZAdnLPHizHkk6ZIuuTD63eez7+W25ZSvsGS5+FtymxFoKw=="
    },
    "edge-js": {
      "version": "18.4.0",
      "resolved": "https://registry.npmjs.org/edge-js/-/edge-js-18.4.0.tgz",
      "integrity": "sha512-oAwqae0wkiwlO7/gbrkKOavJoXOJ4b7zzonOXc5QTIMhCpIioA2si9eIjwgKD9oDcAjHj3oBabtbFVLgFQ4wDQ==",
      "requires": {
        "edge-cs": "1.2.1",
        "nan": "^2.14.0"
      }
    },
    "nan": {
      "version": "2.16.0",
      "resolved": "https://registry.npmjs.org/nan/-/nan-2.16.0.tgz",
      "integrity": "sha512-UdAqHyFngu7TfQKsCBgAA6pWDkT8MAO7d0jyOecVhN5354xbLqdn8mV9Tat9gepAupm0bt2DbeaSC8vS52MuFA=="
    }
  }
}
